
Microsoft Visual Studio Solution File, Format Version 12.00
# Visual Studio Version 17
VisualStudioVersion = 17.6.33801.468
MinimumVisualStudioVersion = 10.0.40219.1
Project("{9A19103F-16F7-4668-BE54-9A1E7A4F7556}") = "WorldCupWF", "WorldCupWF\WorldCupWF.csproj", "{436D76C8-C586-445E-BB5E-0157C9D45B97}"
EndProject
Project("{9A19103F-16F7-4668-BE54-9A1E7A4F7556}") = "WorldCupDL", "WorldCupDL\WorldCupDL.csproj", "{E6349216-E5BD-4E46-802F-1641B44B0825}"
EndProject
Project("{FAE04EC0-301F-11D3-BF4B-00C04F79EFBC}") = "WorldCupWPF", "WorldCupWPF\WorldCupWPF.csproj", "{F2D83B67-B8CB-4CF0-8565-E33B04A573E2}"
EndProject
Global
	GlobalSection(SolutionConfigurationPlatforms) = preSolution
		Debug|Any CPU = Debug|Any CPU
		Release|Any CPU = Release|Any CPU
	EndGlobalSection
	GlobalSection(ProjectConfigurationPlatforms) = postSolution
		{436D76C8-C586-445E-BB5E-0157C9D45B97}.Debug|Any CPU.ActiveCfg = Debug|Any CPU
		{436D76C8-C586-445E-BB5E-0157C9D45B97}.Debug|Any CPU.Build.0 = Debug|Any CPU
		{436D76C8-C586-445E-BB5E-0157C9D45B97}.Release|Any CPU.ActiveCfg = Release|Any CPU
		{436D76C8-C586-445E-BB5E-0157C9D45B97}.Release|Any CPU.Build.0 = Release|Any CPU
		{E6349216-E5BD-4E46-802F-1641B44B0825}.Debug|Any CPU.ActiveCfg = Debug|Any CPU
		{E6349216-E5BD-4E46-802F-1641B44B0825}.Debug|Any CPU.Build.0 = Debug|Any CPU
		{E6349216-E5BD-4E46-802F-1641B44B0825}.Release|Any CPU.ActiveCfg = Release|Any CPU
		{E6349216-E5BD-4E46-802F-1641B44B0825}.Release|Any CPU.Build.0 = Release|Any CPU
		{F2D83B67-B8CB-4CF0-8565-E33B04A573E2}.Debug|Any CPU.ActiveCfg = Debug|Any CPU
		{F2D83B67-B8CB-4CF0-8565-E33B04A573E2}.Debug|Any CPU.Build.0 = Debug|Any CPU
		{F2D83B67-B8CB-4CF0-8565-E33B04A573E2}.Release|Any CPU.ActiveCfg = Release|Any CPU
		{F2D83B67-B8CB-4CF0-8565-E33B04A573E2}.Release|Any CPU.Build.0 = Release|Any CPU
	EndGlobalSection
	GlobalSection(SolutionProperties) = preSolution
		HideSolutionNode = FALSE
	EndGlobalSection
	GlobalSection(ExtensibilityGlobals) = postSolution
		SolutionGuid = {D30F3901-B0DD-4710-BED9-B0F8AF4DBA3C}
	EndGlobalSection
EndGlobal
